
Microsoft Visual Studio Solution File, Format Version 12.00
# Visual Studio 15
VisualStudioVersion = 15.0.27130.2024
MinimumVisualStudioVersion = 10.0.40219.1
Project("{2150E333-8FDC-42A3-9474-1A3956D46DE8}") = "3rdParty", "3rdParty", "{528B303F-0399-470E-988E-03AF81C6126F}"
EndProject
Project("{FAE04EC0-301F-11D3-BF4B-00C04F79EFBC}") = "CryptopiaApi", "CryptopiaApi-Csharp\CryptopiaApi\CryptopiaApi\CryptopiaApi\CryptopiaApi.csproj", "{30296406-237D-4B4B-8B5A-BDD18F0C2F53}"
EndProject
Project("{FAE04EC0-301F-11D3-BF4B-00C04F79EFBC}") = "Binance.API.Csharp.Client", "Binance.API.Csharp.Client\Binance.API.Csharp.Client\Binance.API.Csharp.Client.csproj", "{EC2A020E-338A-46EE-9D08-C158CBD49C92}"
EndProject
Project("{FAE04EC0-301F-11D3-BF4B-00C04F79EFBC}") = "Binance.API.Csharp.Client.Domain", "Binance.API.Csharp.Client\Binance.API.Csharp.Client.Domain\Binance.API.Csharp.Client.Domain.csproj", "{E255F763-A2FE-43A8-9331-019796C935C7}"
EndProject
Project("{FAE04EC0-301F-11D3-BF4B-00C04F79EFBC}") = "Binance.API.Csharp.Client.Models", "Binance.API.Csharp.Client\Binance.API.Csharp.Client.Models\Binance.API.Csharp.Client.Models.csproj", "{7CF40EB8-D81D-40B5-B849-17E5662175D6}"
EndProject
Project("{FAE04EC0-301F-11D3-BF4B-00C04F79EFBC}") = "Hardly.Common", "HardlyCommon\Hardly.Common.csproj", "{00174C6B-A135-42A7-AF86-CA81806820A5}"
EndProject
Project("{FAE04EC0-301F-11D3-BF4B-00C04F79EFBC}") = "Crypnostic", "Crypnostic\Crypnostic.csproj", "{C4EA014D-BD4D-4A1A-B517-3656EBA47723}"
EndProject
Project("{FAE04EC0-301F-11D3-BF4B-00C04F79EFBC}") = "Crypnostic.ConsoleExample", "Crypnostic.ConsoleExample\Crypnostic.ConsoleExample.csproj", "{F11BDE06-24BA-4898-AF21-5187754B9A27}"
EndProject
Project("{FAE04EC0-301F-11D3-BF4B-00C04F79EFBC}") = "Crypnostic.GoogleSheetsExample", "Crypnostic.GoogleSheetsExample\Crypnostic.GoogleSheetsExample.csproj", "{B07A409D-EFB7-466D-8631-444EA2BE822D}"
EndProject
Project("{FAE04EC0-301F-11D3-BF4B-00C04F79EFBC}") = "Crypnostic.Tests", "Crypnostic.Tests\Crypnostic.Tests.csproj", "{1828B97B-4983-4763-B012-DA004EC10975}"
EndProject
Project("{FAE04EC0-301F-11D3-BF4B-00C04F79EFBC}") = "Crypnostic.WPFExample", "Crypnostic.WPFExample\Crypnostic.WPFExample.csproj", "{56535F14-5377-4167-ACF0-471ED55ED8CF}"
EndProject
Project("{FAE04EC0-301F-11D3-BF4B-00C04F79EFBC}") = "Crypnostic.Tools", "Crypnostic.Tools\Crypnostic.Tools.csproj", "{685C4FAC-7241-45FD-B882-384370C7F72B}"
EndProject
Project("{FAE04EC0-301F-11D3-BF4B-00C04F79EFBC}") = "Crypnostic.Tools.Tests", "Crypnostic.Tools.Tests\Crypnostic.Tools.Tests.csproj", "{ADE62523-C663-4F8E-B367-E6EEF8F35E34}"
EndProject
Project("{2150E333-8FDC-42A3-9474-1A3956D46DE8}") = "Tests", "Tests", "{92A7D73D-A03A-455B-9EBB-3116EA14031B}"
EndProject
Project("{2150E333-8FDC-42A3-9474-1A3956D46DE8}") = "Examples", "Examples", "{35AEE25D-254A-4429-8642-FFB82E176BE9}"
EndProject
Global
	GlobalSection(SolutionConfigurationPlatforms) = preSolution
		Debug|Any CPU = Debug|Any CPU
		Maker|Any CPU = Maker|Any CPU
		Release|Any CPU = Release|Any CPU
		Taker|Any CPU = Taker|Any CPU
	EndGlobalSection
	GlobalSection(ProjectConfigurationPlatforms) = postSolution
		{30296406-237D-4B4B-8B5A-BDD18F0C2F53}.Debug|Any CPU.ActiveCfg = Debug|Any CPU
		{30296406-237D-4B4B-8B5A-BDD18F0C2F53}.Debug|Any CPU.Build.0 = Debug|Any CPU
		{30296406-237D-4B4B-8B5A-BDD18F0C2F53}.Maker|Any CPU.ActiveCfg = Release|Any CPU
		{30296406-237D-4B4B-8B5A-BDD18F0C2F53}.Maker|Any CPU.Build.0 = Release|Any CPU
		{30296406-237D-4B4B-8B5A-BDD18F0C2F53}.Release|Any CPU.ActiveCfg = Release|Any CPU
		{30296406-237D-4B4B-8B5A-BDD18F0C2F53}.Release|Any CPU.Build.0 = Release|Any CPU
		{30296406-237D-4B4B-8B5A-BDD18F0C2F53}.Taker|Any CPU.ActiveCfg = Release|Any CPU
		{30296406-237D-4B4B-8B5A-BDD18F0C2F53}.Taker|Any CPU.Build.0 = Release|Any CPU
		{EC2A020E-338A-46EE-9D08-C158CBD49C92}.Debug|Any CPU.ActiveCfg = Debug|Any CPU
		{EC2A020E-338A-46EE-9D08-C158CBD49C92}.Debug|Any CPU.Build.0 = Debug|Any CPU
		{EC2A020E-338A-46EE-9D08-C158CBD49C92}.Maker|Any CPU.ActiveCfg = Release|Any CPU
		{EC2A020E-338A-46EE-9D08-C158CBD49C92}.Maker|Any CPU.Build.0 = Release|Any CPU
		{EC2A020E-338A-46EE-9D08-C158CBD49C92}.Release|Any CPU.ActiveCfg = Release|Any CPU
		{EC2A020E-338A-46EE-9D08-C158CBD49C92}.Release|Any CPU.Build.0 = Release|Any CPU
		{EC2A020E-338A-46EE-9D08-C158CBD49C92}.Taker|Any CPU.ActiveCfg = Release|Any CPU
		{EC2A020E-338A-46EE-9D08-C158CBD49C92}.Taker|Any CPU.Build.0 = Release|Any CPU
		{E255F763-A2FE-43A8-9331-019796C935C7}.Debug|Any CPU.ActiveCfg = Debug|Any CPU
		{E255F763-A2FE-43A8-9331-019796C935C7}.Debug|Any CPU.Build.0 = Debug|Any CPU
		{E255F763-A2FE-43A8-9331-019796C935C7}.Maker|Any CPU.ActiveCfg = Release|Any CPU
		{E255F763-A2FE-43A8-9331-019796C935C7}.Maker|Any CPU.Build.0 = Release|Any CPU
		{E255F763-A2FE-43A8-9331-019796C935C7}.Release|Any CPU.ActiveCfg = Release|Any CPU
		{E255F763-A2FE-43A8-9331-019796C935C7}.Release|Any CPU.Build.0 = Release|Any CPU
		{E255F763-A2FE-43A8-9331-019796C935C7}.Taker|Any CPU.ActiveCfg = Release|Any CPU
		{E255F763-A2FE-43A8-9331-019796C935C7}.Taker|Any CPU.Build.0 = Release|Any CPU
		{7CF40EB8-D81D-40B5-B849-17E5662175D6}.Debug|Any CPU.ActiveCfg = Debug|Any CPU
		{7CF40EB8-D81D-40B5-B849-17E5662175D6}.Debug|Any CPU.Build.0 = Debug|Any CPU
		{7CF40EB8-D81D-40B5-B849-17E5662175D6}.Maker|Any CPU.ActiveCfg = Release|Any CPU
		{7CF40EB8-D81D-40B5-B849-17E5662175D6}.Maker|Any CPU.Build.0 = Release|Any CPU
		{7CF40EB8-D81D-40B5-B849-17E5662175D6}.Release|Any CPU.ActiveCfg = Release|Any CPU
		{7CF40EB8-D81D-40B5-B849-17E5662175D6}.Release|Any CPU.Build.0 = Release|Any CPU
		{7CF40EB8-D81D-40B5-B849-17E5662175D6}.Taker|Any CPU.ActiveCfg = Release|Any CPU
		{7CF40EB8-D81D-40B5-B849-17E5662175D6}.Taker|Any CPU.Build.0 = Release|Any CPU
		{00174C6B-A135-42A7-AF86-CA81806820A5}.Debug|Any CPU.ActiveCfg = Debug|Any CPU
		{00174C6B-A135-42A7-AF86-CA81806820A5}.Debug|Any CPU.Build.0 = Debug|Any CPU
		{00174C6B-A135-42A7-AF86-CA81806820A5}.Maker|Any CPU.ActiveCfg = Release|Any CPU
		{00174C6B-A135-42A7-AF86-CA81806820A5}.Maker|Any CPU.Build.0 = Release|Any CPU
		{00174C6B-A135-42A7-AF86-CA81806820A5}.Release|Any CPU.ActiveCfg = Release|Any CPU
		{00174C6B-A135-42A7-AF86-CA81806820A5}.Release|Any CPU.Build.0 = Release|Any CPU
		{00174C6B-A135-42A7-AF86-CA81806820A5}.Taker|Any CPU.ActiveCfg = Release|Any CPU
		{00174C6B-A135-42A7-AF86-CA81806820A5}.Taker|Any CPU.Build.0 = Release|Any CPU
		{C4EA014D-BD4D-4A1A-B517-3656EBA47723}.Debug|Any CPU.ActiveCfg = Debug|Any CPU
		{C4EA014D-BD4D-4A1A-B517-3656EBA47723}.Debug|Any CPU.Build.0 = Debug|Any CPU
		{C4EA014D-BD4D-4A1A-B517-3656EBA47723}.Maker|Any CPU.ActiveCfg = Release|Any CPU
		{C4EA014D-BD4D-4A1A-B517-3656EBA47723}.Maker|Any CPU.Build.0 = Release|Any CPU
		{C4EA014D-BD4D-4A1A-B517-3656EBA47723}.Release|Any CPU.ActiveCfg = Release|Any CPU
		{C4EA014D-BD4D-4A1A-B517-3656EBA47723}.Release|Any CPU.Build.0 = Release|Any CPU
		{C4EA014D-BD4D-4A1A-B517-3656EBA47723}.Taker|Any CPU.ActiveCfg = Release|Any CPU
		{C4EA014D-BD4D-4A1A-B517-3656EBA47723}.Taker|Any CPU.Build.0 = Release|Any CPU
		{F11BDE06-24BA-4898-AF21-5187754B9A27}.Debug|Any CPU.ActiveCfg = Debug|Any CPU
		{F11BDE06-24BA-4898-AF21-5187754B9A27}.Debug|Any CPU.Build.0 = Debug|Any CPU
		{F11BDE06-24BA-4898-AF21-5187754B9A27}.Maker|Any CPU.ActiveCfg = Release|Any CPU
		{F11BDE06-24BA-4898-AF21-5187754B9A27}.Maker|Any CPU.Build.0 = Release|Any CPU
		{F11BDE06-24BA-4898-AF21-5187754B9A27}.Release|Any CPU.ActiveCfg = Release|Any CPU
		{F11BDE06-24BA-4898-AF21-5187754B9A27}.Release|Any CPU.Build.0 = Release|Any CPU
		{F11BDE06-24BA-4898-AF21-5187754B9A27}.Taker|Any CPU.ActiveCfg = Release|Any CPU
		{F11BDE06-24BA-4898-AF21-5187754B9A27}.Taker|Any CPU.Build.0 = Release|Any CPU
		{B07A409D-EFB7-466D-8631-444EA2BE822D}.Debug|Any CPU.ActiveCfg = Debug|Any CPU
		{B07A409D-EFB7-466D-8631-444EA2BE822D}.Debug|Any CPU.Build.0 = Debug|Any CPU
		{B07A409D-EFB7-466D-8631-444EA2BE822D}.Maker|Any CPU.ActiveCfg = Release|Any CPU
		{B07A409D-EFB7-466D-8631-444EA2BE822D}.Maker|Any CPU.Build.0 = Release|Any CPU
		{B07A409D-EFB7-466D-8631-444EA2BE822D}.Release|Any CPU.ActiveCfg = Release|Any CPU
		{B07A409D-EFB7-466D-8631-444EA2BE822D}.Release|Any CPU.Build.0 = Release|Any CPU
		{B07A409D-EFB7-466D-8631-444EA2BE822D}.Taker|Any CPU.ActiveCfg = Release|Any CPU
		{B07A409D-EFB7-466D-8631-444EA2BE822D}.Taker|Any CPU.Build.0 = Release|Any CPU
		{1828B97B-4983-4763-B012-DA004EC10975}.Debug|Any CPU.ActiveCfg = Debug|Any CPU
		{1828B97B-4983-4763-B012-DA004EC10975}.Debug|Any CPU.Build.0 = Debug|Any CPU
		{1828B97B-4983-4763-B012-DA004EC10975}.Maker|Any CPU.ActiveCfg = Release|Any CPU
		{1828B97B-4983-4763-B012-DA004EC10975}.Maker|Any CPU.Build.0 = Release|Any CPU
		{1828B97B-4983-4763-B012-DA004EC10975}.Release|Any CPU.ActiveCfg = Release|Any CPU
		{1828B97B-4983-4763-B012-DA004EC10975}.Release|Any CPU.Build.0 = Release|Any CPU
		{1828B97B-4983-4763-B012-DA004EC10975}.Taker|Any CPU.ActiveCfg = Release|Any CPU
		{1828B97B-4983-4763-B012-DA004EC10975}.Taker|Any CPU.Build.0 = Release|Any CPU
		{56535F14-5377-4167-ACF0-471ED55ED8CF}.Debug|Any CPU.ActiveCfg = Debug|Any CPU
		{56535F14-5377-4167-ACF0-471ED55ED8CF}.Debug|Any CPU.Build.0 = Debug|Any CPU
		{56535F14-5377-4167-ACF0-471ED55ED8CF}.Maker|Any CPU.ActiveCfg = Release|Any CPU
		{56535F14-5377-4167-ACF0-471ED55ED8CF}.Maker|Any CPU.Build.0 = Release|Any CPU
		{56535F14-5377-4167-ACF0-471ED55ED8CF}.Release|Any CPU.ActiveCfg = Release|Any CPU
		{56535F14-5377-4167-ACF0-471ED55ED8CF}.Release|Any CPU.Build.0 = Release|Any CPU
		{56535F14-5377-4167-ACF0-471ED55ED8CF}.Taker|Any CPU.ActiveCfg = Release|Any CPU
		{56535F14-5377-4167-ACF0-471ED55ED8CF}.Taker|Any CPU.Build.0 = Release|Any CPU
		{685C4FAC-7241-45FD-B882-384370C7F72B}.Debug|Any CPU.ActiveCfg = Debug|Any CPU
		{685C4FAC-7241-45FD-B882-384370C7F72B}.Debug|Any CPU.Build.0 = Debug|Any CPU
		{685C4FAC-7241-45FD-B882-384370C7F72B}.Maker|Any CPU.ActiveCfg = Release|Any CPU
		{685C4FAC-7241-45FD-B882-384370C7F72B}.Maker|Any CPU.Build.0 = Release|Any CPU
		{685C4FAC-7241-45FD-B882-384370C7F72B}.Release|Any CPU.ActiveCfg = Release|Any CPU
		{685C4FAC-7241-45FD-B882-384370C7F72B}.Release|Any CPU.Build.0 = Release|Any CPU
		{685C4FAC-7241-45FD-B882-384370C7F72B}.Taker|Any CPU.ActiveCfg = Release|Any CPU
		{685C4FAC-7241-45FD-B882-384370C7F72B}.Taker|Any CPU.Build.0 = Release|Any CPU
		{ADE62523-C663-4F8E-B367-E6EEF8F35E34}.Debug|Any CPU.ActiveCfg = Debug|Any CPU
		{ADE62523-C663-4F8E-B367-E6EEF8F35E34}.Debug|Any CPU.Build.0 = Debug|Any CPU
		{ADE62523-C663-4F8E-B367-E6EEF8F35E34}.Maker|Any CPU.ActiveCfg = Release|Any CPU
		{ADE62523-C663-4F8E-B367-E6EEF8F35E34}.Maker|Any CPU.Build.0 = Release|Any CPU
		{ADE62523-C663-4F8E-B367-E6EEF8F35E34}.Release|Any CPU.ActiveCfg = Release|Any CPU
		{ADE62523-C663-4F8E-B367-E6EEF8F35E34}.Release|Any CPU.Build.0 = Release|Any CPU
		{ADE62523-C663-4F8E-B367-E6EEF8F35E34}.Taker|Any CPU.ActiveCfg = Release|Any CPU
		{ADE62523-C663-4F8E-B367-E6EEF8F35E34}.Taker|Any CPU.Build.0 = Release|Any CPU
	EndGlobalSection
	GlobalSection(SolutionProperties) = preSolution
		HideSolutionNode = FALSE
	EndGlobalSection
	GlobalSection(NestedProjects) = preSolution
		{30296406-237D-4B4B-8B5A-BDD18F0C2F53} = {528B303F-0399-470E-988E-03AF81C6126F}
		{EC2A020E-338A-46EE-9D08-C158CBD49C92} = {528B303F-0399-470E-988E-03AF81C6126F}
		{E255F763-A2FE-43A8-9331-019796C935C7} = {528B303F-0399-470E-988E-03AF81C6126F}
		{7CF40EB8-D81D-40B5-B849-17E5662175D6} = {528B303F-0399-470E-988E-03AF81C6126F}
		{00174C6B-A135-42A7-AF86-CA81806820A5} = {528B303F-0399-470E-988E-03AF81C6126F}
		{F11BDE06-24BA-4898-AF21-5187754B9A27} = {35AEE25D-254A-4429-8642-FFB82E176BE9}
		{B07A409D-EFB7-466D-8631-444EA2BE822D} = {35AEE25D-254A-4429-8642-FFB82E176BE9}
		{1828B97B-4983-4763-B012-DA004EC10975} = {92A7D73D-A03A-455B-9EBB-3116EA14031B}
		{56535F14-5377-4167-ACF0-471ED55ED8CF} = {35AEE25D-254A-4429-8642-FFB82E176BE9}
		{ADE62523-C663-4F8E-B367-E6EEF8F35E34} = {92A7D73D-A03A-455B-9EBB-3116EA14031B}
	EndGlobalSection
	GlobalSection(ExtensibilityGlobals) = postSolution
		SolutionGuid = {335C3BA7-8125-4E74-9D77-85C2FAB58160}
	EndGlobalSection
EndGlobal
